
Microsoft Visual Studio Solution File, Format Version 12.00
# Visual Studio Version 16
VisualStudioVersion = 16.0.31424.327
MinimumVisualStudioVersion = 10.0.40219.1
Project("{8BC9CEB8-8B4A-11D0-8D11-00A0C91BC942}") = "CppLox", "CppLox\CppLox.vcxproj", "{241FCCC6-7438-4033-B7ED-A683734EE786}"
EndProject
Global
	GlobalSection(SolutionConfigurationPlatforms) = preSolution
		Debug|x64 = Debug|x64
		Debug|x86 = Debug|x86
		Release|x64 = Release|x64
		Release|x86 = Release|x86
	EndGlobalSection
	GlobalSection(ProjectConfigurationPlatforms) = postSolution
		{241FCCC6-7438-4033-B7ED-A683734EE786}.Debug|x64.ActiveCfg = Debug|x64
		{241FCCC6-7438-4033-B7ED-A683734EE786}.Debug|x64.Build.0 = Debug|x64
		{241FCCC6-7438-4033-B7ED-A683734EE786}.Debug|x86.ActiveCfg = Debug|Win32
		{241FCCC6-7438-4033-B7ED-A683734EE786}.Debug|x86.Build.0 = Debug|Win32
		{241FCCC6-7438-4033-B7ED-A683734EE786}.Release|x64.ActiveCfg = Release|x64
		{241FCCC6-7438-4033-B7ED-A683734EE786}.Release|x64.Build.0 = Release|x64
		{241FCCC6-7438-4033-B7ED-A683734EE786}.Release|x86.ActiveCfg = Release|Win32
		{241FCCC6-7438-4033-B7ED-A683734EE786}.Release|x86.Build.0 = Release|Win32
	EndGlobalSection
	GlobalSection(SolutionProperties) = preSolution
		HideSolutionNode = FALSE
	EndGlobalSection
	GlobalSection(ExtensibilityGlobals) = postSolution
		SolutionGuid = {9FA19A25-4240-42BC-9847-98989CF8F821}
	EndGlobalSection
EndGlobal
